
Microsoft Visual Studio Solution File, Format Version 12.00
# Visual Studio Version 17
VisualStudioVersion = 17.4.33213.308
MinimumVisualStudioVersion = 10.0.40219.1
Project("{FAE04EC0-301F-11D3-BF4B-00C04F79EFBC}") = "StudentCollection", "StudentCollection.csproj", "{451D1068-0864-46DF-8236-49191D15D9CB}"
EndProject
Global
	GlobalSection(SolutionConfigurationPlatforms) = preSolution
		Debug|Any CPU = Debug|Any CPU
		Release|Any CPU = Release|Any CPU
	EndGlobalSection
	GlobalSection(ProjectConfigurationPlatforms) = postSolution
		{451D1068-0864-46DF-8236-49191D15D9CB}.Debug|Any CPU.ActiveCfg = Debug|Any CPU
		{451D1068-0864-46DF-8236-49191D15D9CB}.Debug|Any CPU.Build.0 = Debug|Any CPU
		{451D1068-0864-46DF-8236-49191D15D9CB}.Release|Any CPU.ActiveCfg = Release|Any CPU
		{451D1068-0864-46DF-8236-49191D15D9CB}.Release|Any CPU.Build.0 = Release|Any CPU
	EndGlobalSection
	GlobalSection(SolutionProperties) = preSolution
		HideSolutionNode = FALSE
	EndGlobalSection
	GlobalSection(ExtensibilityGlobals) = postSolution
		SolutionGuid = {49C729E6-DC44-474C-9150-F805E07D3264}
	EndGlobalSection
EndGlobal
