
Microsoft Visual Studio Solution File, Format Version 12.00
# Visual Studio Version 17
VisualStudioVersion = 17.4.33213.308
MinimumVisualStudioVersion = 10.0.40219.1
Project("{FAE04EC0-301F-11D3-BF4B-00C04F79EFBC}") = "LinqAndLambdas", "LinqAndLambdas.csproj", "{A41C2B20-A970-4685-B77D-C11CA42F9BBD}"
EndProject
Project("{FAE04EC0-301F-11D3-BF4B-00C04F79EFBC}") = "ObjectsWithLinq", "..\ObjectsWithLinq\ObjectsWithLinq.csproj", "{40283AC8-F068-44B3-89FD-D5E651488D31}"
EndProject
Project("{FAE04EC0-301F-11D3-BF4B-00C04F79EFBC}") = "ProductCartRelationship", "..\ProductCartRelationship\ProductCartRelationship.csproj", "{11B40BD7-97FD-4F5D-A103-0D80DE43C304}"
EndProject
Project("{FAE04EC0-301F-11D3-BF4B-00C04F79EFBC}") = "GenericExample", "..\GenericExample\GenericExample.csproj", "{455EC310-E6CB-44EB-8FD3-218C98CDFA14}"
EndProject
Project("{FAE04EC0-301F-11D3-BF4B-00C04F79EFBC}") = "FileHandling", "..\FileHandling\FileHandling.csproj", "{F7FBA0A9-CA0C-4307-80B0-740D0E8B2A61}"
EndProject
Project("{FAE04EC0-301F-11D3-BF4B-00C04F79EFBC}") = "DelegateExample", "..\DelegateExample\DelegateExample.csproj", "{82771B2C-5494-495A-A422-299B70E2F081}"
EndProject
Global
	GlobalSection(SolutionConfigurationPlatforms) = preSolution
		Debug|Any CPU = Debug|Any CPU
		Release|Any CPU = Release|Any CPU
	EndGlobalSection
	GlobalSection(ProjectConfigurationPlatforms) = postSolution
		{A41C2B20-A970-4685-B77D-C11CA42F9BBD}.Debug|Any CPU.ActiveCfg = Debug|Any CPU
		{A41C2B20-A970-4685-B77D-C11CA42F9BBD}.Debug|Any CPU.Build.0 = Debug|Any CPU
		{A41C2B20-A970-4685-B77D-C11CA42F9BBD}.Release|Any CPU.ActiveCfg = Release|Any CPU
		{A41C2B20-A970-4685-B77D-C11CA42F9BBD}.Release|Any CPU.Build.0 = Release|Any CPU
		{40283AC8-F068-44B3-89FD-D5E651488D31}.Debug|Any CPU.ActiveCfg = Debug|Any CPU
		{40283AC8-F068-44B3-89FD-D5E651488D31}.Debug|Any CPU.Build.0 = Debug|Any CPU
		{40283AC8-F068-44B3-89FD-D5E651488D31}.Release|Any CPU.ActiveCfg = Release|Any CPU
		{40283AC8-F068-44B3-89FD-D5E651488D31}.Release|Any CPU.Build.0 = Release|Any CPU
		{11B40BD7-97FD-4F5D-A103-0D80DE43C304}.Debug|Any CPU.ActiveCfg = Debug|Any CPU
		{11B40BD7-97FD-4F5D-A103-0D80DE43C304}.Debug|Any CPU.Build.0 = Debug|Any CPU
		{11B40BD7-97FD-4F5D-A103-0D80DE43C304}.Release|Any CPU.ActiveCfg = Release|Any CPU
		{11B40BD7-97FD-4F5D-A103-0D80DE43C304}.Release|Any CPU.Build.0 = Release|Any CPU
		{455EC310-E6CB-44EB-8FD3-218C98CDFA14}.Debug|Any CPU.ActiveCfg = Debug|Any CPU
		{455EC310-E6CB-44EB-8FD3-218C98CDFA14}.Debug|Any CPU.Build.0 = Debug|Any CPU
		{455EC310-E6CB-44EB-8FD3-218C98CDFA14}.Release|Any CPU.ActiveCfg = Release|Any CPU
		{455EC310-E6CB-44EB-8FD3-218C98CDFA14}.Release|Any CPU.Build.0 = Release|Any CPU
		{F7FBA0A9-CA0C-4307-80B0-740D0E8B2A61}.Debug|Any CPU.ActiveCfg = Debug|Any CPU
		{F7FBA0A9-CA0C-4307-80B0-740D0E8B2A61}.Debug|Any CPU.Build.0 = Debug|Any CPU
		{F7FBA0A9-CA0C-4307-80B0-740D0E8B2A61}.Release|Any CPU.ActiveCfg = Release|Any CPU
		{F7FBA0A9-CA0C-4307-80B0-740D0E8B2A61}.Release|Any CPU.Build.0 = Release|Any CPU
		{82771B2C-5494-495A-A422-299B70E2F081}.Debug|Any CPU.ActiveCfg = Debug|Any CPU
		{82771B2C-5494-495A-A422-299B70E2F081}.Debug|Any CPU.Build.0 = Debug|Any CPU
		{82771B2C-5494-495A-A422-299B70E2F081}.Release|Any CPU.ActiveCfg = Release|Any CPU
		{82771B2C-5494-495A-A422-299B70E2F081}.Release|Any CPU.Build.0 = Release|Any CPU
	EndGlobalSection
	GlobalSection(SolutionProperties) = preSolution
		HideSolutionNode = FALSE
	EndGlobalSection
	GlobalSection(ExtensibilityGlobals) = postSolution
		SolutionGuid = {8DA29ABF-8AFA-4737-AF75-EA00AA9B7262}
	EndGlobalSection
EndGlobal
